PODS:
  - Kiwi (2.2.3):
    - Kiwi/SenTestingKit
  - Kiwi/ARC (2.2.3)
  - Kiwi/NonARC (2.2.3)
  - Kiwi/SenTestingKit (2.2.3):
    - Kiwi/ARC
    - Kiwi/NonARC
  - SLObjectiveCRuntimeAdditions (1.1.3)

DEPENDENCIES:
  - Kiwi (~> 2.2.0)
  - SLObjectiveCRuntimeAdditions (~> 1.1x)

SPEC CHECKSUMS:
  Kiwi: 7b9bc7294de746357213067a1df49cc0a59384e8
  SLObjectiveCRuntimeAdditions: 5b702a1dcca4d115b328d5e7ca6d093e45875994

COCOAPODS: 0.33.1
