// !$*UTF8*$!
{
	archiveVersion = 1;
	classes = {
	};
	objectVersion = 46;
	objects = {

/* Begin PBXBuildFile section */
		2188D6451819B712007BAB40 /* RBErrorException.h in Headers */ = {isa = PBXBuildFile; fileRef = 49CD909617DFB64300E934AF /* RBErrorException.h */; settings = {ATTRIBUTES = (Public, ); }; };
		2188D6461819B713007BAB40 /* RBExecuter.h in Headers */ = {isa = PBXBuildFile; fileRef = 49C27B3817E65EBD008FB8E4 /* RBExecuter.h */; settings = {ATTRIBUTES = (Public, ); }; };
		2188D6471819B713007BAB40 /* RBPromise.h in Headers */ = {isa = PBXBuildFile; fileRef = 49F055BD17D7E5D5007DADC8 /* RBPromise.h */; settings = {ATTRIBUTES = (Public, ); }; };
		2188D6481819B713007BAB40 /* RBThenable.h in Headers */ = {isa = PBXBuildFile; fileRef = 49F055BF17D7E5D5007DADC8 /* RBThenable.h */; settings = {ATTRIBUTES = (Public, ); }; };
		49C27B3A17E65EBD008FB8E4 /* RBExecuter.m in Sources */ = {isa = PBXBuildFile; fileRef = 49C27B3917E65EBD008FB8E4 /* RBExecuter.m */; };
		49C510CB17DD2D8900648C5B /* SenTestingKit.framework in Frameworks */ = {isa = PBXBuildFile; fileRef = 49C510CA17DD2D8800648C5B /* SenTestingKit.framework */; };
		49C510CC17DD2D8900648C5B /* Foundation.framework in Frameworks */ = {isa = PBXBuildFile; fileRef = 49FE8ADB17B67C0C00678D26 /* Foundation.framework */; };
		49C510CD17DD2D8900648C5B /* UIKit.framework in Frameworks */ = {isa = PBXBuildFile; fileRef = 49FE8AEC17B67C0C00678D26 /* UIKit.framework */; };
		49C510D317DD2D8900648C5B /* InfoPlist.strings in Resources */ = {isa = PBXBuildFile; fileRef = 49C510D117DD2D8900648C5B /* InfoPlist.strings */; };
		49C510DD17DD2D9900648C5B /* RBPromiseTests.m in Sources */ = {isa = PBXBuildFile; fileRef = 49C510DC17DD2D9900648C5B /* RBPromiseTests.m */; };
		49CD909817DFB64300E934AF /* RBErrorException.m in Sources */ = {isa = PBXBuildFile; fileRef = 49CD909717DFB64300E934AF /* RBErrorException.m */; };
		49D5809F181DD0E4002F0A18 /* RBExecuterTests.m in Sources */ = {isa = PBXBuildFile; fileRef = 49D5809E181DD0E4002F0A18 /* RBExecuterTests.m */; };
		49EC299517DD2E37008B4F8D /* libRebelle.a in Frameworks */ = {isa = PBXBuildFile; fileRef = 49FE8AD817B67C0C00678D26 /* libRebelle.a */; };
		49F055C017D7E884007DADC8 /* RBPromise.m in Sources */ = {isa = PBXBuildFile; fileRef = 49F055BE17D7E5D5007DADC8 /* RBPromise.m */; };
		49FE8ADC17B67C0C00678D26 /* Foundation.framework in Frameworks */ = {isa = PBXBuildFile; fileRef = 49FE8ADB17B67C0C00678D26 /* Foundation.framework */; };
		D32161264C444F5B894F18A1 /* libPods-RebelleTests.a in Frameworks */ = {isa = PBXBuildFile; fileRef = 9EBCAF481A6441588F45BD6C /* libPods-RebelleTests.a */; };
/* End PBXBuildFile section */

/* Begin PBXContainerItemProxy section */
		49C510D717DD2D8900648C5B /* PBXContainerItemProxy */ = {
			isa = PBXContainerItemProxy;
			containerPortal = 49FE8AD017B67C0C00678D26 /* Project object */;
			proxyType = 1;
			remoteGlobalIDString = 49FE8AD717B67C0C00678D26;
			remoteInfo = Rebelle;
		};
/* End PBXContainerItemProxy section */

/* Begin PBXFileReference section */
		47321C7F58094DA19903103E /* Pods-RebelleTests.xcconfig */ = {isa = PBXFileReference; includeInIndex = 1; lastKnownFileType = text.xcconfig; name = "Pods-RebelleTests.xcconfig"; path = "Pods/Pods-RebelleTests.xcconfig"; sourceTree = SOURCE_ROOT; };
		49C27B3817E65EBD008FB8E4 /* RBExecuter.h */ = {isa = PBXFileReference; fileEncoding = 4; lastKnownFileType = sourcecode.c.h; path = RBExecuter.h; sourceTree = "<group>"; };
		49C27B3917E65EBD008FB8E4 /* RBExecuter.m */ = {isa = PBXFileReference; fileEncoding = 4; lastKnownFileType = sourcecode.c.objc; path = RBExecuter.m; sourceTree = "<group>"; };
		49C510C917DD2D8800648C5B /* RebelleTests.octest */ = {isa = PBXFileReference; explicitFileType = wrapper.cfbundle; includeInIndex = 0; path = RebelleTests.octest; sourceTree = BUILT_PRODUCTS_DIR; };
		49C510CA17DD2D8800648C5B /* SenTestingKit.framework */ = {isa = PBXFileReference; lastKnownFileType = wrapper.framework; name = SenTestingKit.framework; path = Library/Frameworks/SenTestingKit.framework; sourceTree = DEVELOPER_DIR; };
		49C510D017DD2D8900648C5B /* RebelleTests-Info.plist */ = {isa = PBXFileReference; lastKnownFileType = text.plist.xml; path = "RebelleTests-Info.plist"; sourceTree = "<group>"; };
		49C510D217DD2D8900648C5B /* en */ = {isa = PBXFileReference; lastKnownFileType = text.plist.strings; name = en; path = en.lproj/InfoPlist.strings; sourceTree = "<group>"; };
		49C510D617DD2D8900648C5B /* RebelleTests-Prefix.pch */ = {isa = PBXFileReference; lastKnownFileType = sourcecode.c.h; path = "RebelleTests-Prefix.pch"; sourceTree = "<group>"; };
		49C510DC17DD2D9900648C5B /* RBPromiseTests.m */ = {isa = PBXFileReference; fileEncoding = 4; lastKnownFileType = sourcecode.c.objc; path = RBPromiseTests.m; sourceTree = "<group>"; };
		49CD909617DFB64300E934AF /* RBErrorException.h */ = {isa = PBXFileReference; fileEncoding = 4; lastKnownFileType = sourcecode.c.h; path = RBErrorException.h; sourceTree = "<group>"; };
		49CD909717DFB64300E934AF /* RBErrorException.m */ = {isa = PBXFileReference; fileEncoding = 4; lastKnownFileType = sourcecode.c.objc; path = RBErrorException.m; sourceTree = "<group>"; };
		49D5809E181DD0E4002F0A18 /* RBExecuterTests.m */ = {isa = PBXFileReference; fileEncoding = 4; lastKnownFileType = sourcecode.c.objc; path = RBExecuterTests.m; sourceTree = "<group>"; };
		49F055BD17D7E5D5007DADC8 /* RBPromise.h */ = {isa = PBXFileReference; lastKnownFileType = sourcecode.c.h; path = RBPromise.h; sourceTree = "<group>"; };
		49F055BE17D7E5D5007DADC8 /* RBPromise.m */ = {isa = PBXFileReference; lastKnownFileType = sourcecode.c.objc; path = RBPromise.m; sourceTree = "<group>"; };
		49F055BF17D7E5D5007DADC8 /* RBThenable.h */ = {isa = PBXFileReference; lastKnownFileType = sourcecode.c.h; path = RBThenable.h; sourceTree = "<group>"; };
		49FE8AD817B67C0C00678D26 /* libRebelle.a */ = {isa = PBXFileReference; explicitFileType = archive.ar; includeInIndex = 0; path = libRebelle.a; sourceTree = BUILT_PRODUCTS_DIR; };
		49FE8ADB17B67C0C00678D26 /* Foundation.framework */ = {isa = PBXFileReference; lastKnownFileType = wrapper.framework; name = Foundation.framework; path = System/Library/Frameworks/Foundation.framework; sourceTree = SDKROOT; };
		49FE8ADF17B67C0C00678D26 /* Rebelle-Prefix.pch */ = {isa = PBXFileReference; lastKnownFileType = sourcecode.c.h; path = "Rebelle-Prefix.pch"; sourceTree = "<group>"; };
		49FE8AE917B67C0C00678D26 /* XCTest.framework */ = {isa = PBXFileReference; lastKnownFileType = wrapper.framework; name = XCTest.framework; path = Library/Frameworks/XCTest.framework; sourceTree = DEVELOPER_DIR; };
		49FE8AEC17B67C0C00678D26 /* UIKit.framework */ = {isa = PBXFileReference; lastKnownFileType = wrapper.framework; name = UIKit.framework; path = Library/Frameworks/UIKit.framework; sourceTree = DEVELOPER_DIR; };
		9EBCAF481A6441588F45BD6C /* libPods-RebelleTests.a */ = {isa = PBXFileReference; explicitFileType = archive.ar; includeInIndex = 0; path = "libPods-RebelleTests.a"; sourceTree = BUILT_PRODUCTS_DIR; };
/* End PBXFileReference section */

/* Begin PBXFrameworksBuildPhase section */
		49C510C617DD2D8800648C5B /* Frameworks */ = {
			isa = PBXFrameworksBuildPhase;
			buildActionMask = 2147483647;
			files = (
				49EC299517DD2E37008B4F8D /* libRebelle.a in Frameworks */,
				49C510CB17DD2D8900648C5B /* SenTestingKit.framework in Frameworks */,
				49C510CD17DD2D8900648C5B /* UIKit.framework in Frameworks */,
				49C510CC17DD2D8900648C5B /* Foundation.framework in Frameworks */,
				D32161264C444F5B894F18A1 /* libPods-RebelleTests.a in Frameworks */,
			);
			runOnlyForDeploymentPostprocessing = 0;
		};
		49FE8AD517B67C0C00678D26 /* Frameworks */ = {
			isa = PBXFrameworksBuildPhase;
			buildActionMask = 2147483647;
			files = (
				49FE8ADC17B67C0C00678D26 /* Foundation.framework in Frameworks */,
			);
			runOnlyForDeploymentPostprocessing = 0;
		};
/* End PBXFrameworksBuildPhase section */

/* Begin PBXGroup section */
		49C510CE17DD2D8900648C5B /* RebelleTests */ = {
			isa = PBXGroup;
			children = (
				49C510DC17DD2D9900648C5B /* RBPromiseTests.m */,
				49D5809E181DD0E4002F0A18 /* RBExecuterTests.m */,
				49C510CF17DD2D8900648C5B /* Supporting Files */,
			);
			path = RebelleTests;
			sourceTree = "<group>";
		};
		49C510CF17DD2D8900648C5B /* Supporting Files */ = {
			isa = PBXGroup;
			children = (
				49C510D017DD2D8900648C5B /* RebelleTests-Info.plist */,
				49C510D117DD2D8900648C5B /* InfoPlist.strings */,
				49C510D617DD2D8900648C5B /* RebelleTests-Prefix.pch */,
			);
			name = "Supporting Files";
			sourceTree = "<group>";
		};
		49FE8ACF17B67C0C00678D26 = {
			isa = PBXGroup;
			children = (
				49FE8ADD17B67C0C00678D26 /* Rebelle */,
				49C510CE17DD2D8900648C5B /* RebelleTests */,
				49FE8ADA17B67C0C00678D26 /* Frameworks */,
				49FE8AD917B67C0C00678D26 /* Products */,
				47321C7F58094DA19903103E /* Pods-RebelleTests.xcconfig */,
			);
			sourceTree = "<group>";
		};
		49FE8AD917B67C0C00678D26 /* Products */ = {
			isa = PBXGroup;
			children = (
				49FE8AD817B67C0C00678D26 /* libRebelle.a */,
				49C510C917DD2D8800648C5B /* RebelleTests.octest */,
			);
			name = Products;
			sourceTree = "<group>";
		};
		49FE8ADA17B67C0C00678D26 /* Frameworks */ = {
			isa = PBXGroup;
			children = (
				49FE8ADB17B67C0C00678D26 /* Foundation.framework */,
				49FE8AE917B67C0C00678D26 /* XCTest.framework */,
				49FE8AEC17B67C0C00678D26 /* UIKit.framework */,
				9EBCAF481A6441588F45BD6C /* libPods-RebelleTests.a */,
				49C510CA17DD2D8800648C5B /* SenTestingKit.framework */,
			);
			name = Frameworks;
			sourceTree = "<group>";
		};
		49FE8ADD17B67C0C00678D26 /* Rebelle */ = {
			isa = PBXGroup;
			children = (
				49CD909617DFB64300E934AF /* RBErrorException.h */,
				49CD909717DFB64300E934AF /* RBErrorException.m */,
				49C27B3817E65EBD008FB8E4 /* RBExecuter.h */,
				49C27B3917E65EBD008FB8E4 /* RBExecuter.m */,
				49F055BD17D7E5D5007DADC8 /* RBPromise.h */,
				49F055BE17D7E5D5007DADC8 /* RBPromise.m */,
				49F055BF17D7E5D5007DADC8 /* RBThenable.h */,
				49FE8ADE17B67C0C00678D26 /* Supporting Files */,
			);
			path = Rebelle;
			sourceTree = "<group>";
		};
		49FE8ADE17B67C0C00678D26 /* Supporting Files */ = {
			isa = PBXGroup;
			children = (
				49FE8ADF17B67C0C00678D26 /* Rebelle-Prefix.pch */,
			);
			name = "Supporting Files";
			sourceTree = "<group>";
		};
/* End PBXGroup section */

/* Begin PBXHeadersBuildPhase section */
		2188D6441819B702007BAB40 /* Headers */ = {
			isa = PBXHeadersBuildPhase;
			buildActionMask = 2147483647;
			files = (
				2188D6451819B712007BAB40 /* RBErrorException.h in Headers */,
				2188D6461819B713007BAB40 /* RBExecuter.h in Headers */,
				2188D6471819B713007BAB40 /* RBPromise.h in Headers */,
				2188D6481819B713007BAB40 /* RBThenable.h in Headers */,
			);
			runOnlyForDeploymentPostprocessing = 0;
		};
/* End PBXHeadersBuildPhase section */

/* Begin PBXNativeTarget section */
		49C510C817DD2D8800648C5B /* RebelleTests */ = {
			isa = PBXNativeTarget;
			buildConfigurationList = 49C510D917DD2D8900648C5B /* Build configuration list for PBXNativeTarget "RebelleTests" */;
			buildPhases = (
				26BF60B5DE514E2EA17D4E2E /* Check Pods Manifest.lock */,
				49C510C517DD2D8800648C5B /* Sources */,
				49C510C617DD2D8800648C5B /* Frameworks */,
				49C510C717DD2D8800648C5B /* Resources */,
				514CB080EBE54040A0E93D3D /* Copy Pods Resources */,
			);
			buildRules = (
			);
			dependencies = (
				49C510D817DD2D8900648C5B /* PBXTargetDependency */,
			);
			name = RebelleTests;
			productName = RebelleTests;
			productReference = 49C510C917DD2D8800648C5B /* RebelleTests.octest */;
			productType = "com.apple.product-type.bundle";
		};
		49FE8AD717B67C0C00678D26 /* Rebelle */ = {
			isa = PBXNativeTarget;
			buildConfigurationList = 49FE8AFB17B67C0C00678D26 /* Build configuration list for PBXNativeTarget "Rebelle" */;
			buildPhases = (
				49FE8AD417B67C0C00678D26 /* Sources */,
				49FE8AD517B67C0C00678D26 /* Frameworks */,
				2188D6441819B702007BAB40 /* Headers */,
			);
			buildRules = (
			);
			dependencies = (
			);
			name = Rebelle;
			productName = Rebelle;
			productReference = 49FE8AD817B67C0C00678D26 /* libRebelle.a */;
			productType = "com.apple.product-type.library.static";
		};
/* End PBXNativeTarget section */

/* Begin PBXProject section */
		49FE8AD017B67C0C00678D26 /* Project object */ = {
			isa = PBXProject;
			attributes = {
				LastUpgradeCheck = 0500;
				ORGANIZATIONNAME = JC;
				TargetAttributes = {
					49C510C817DD2D8800648C5B = {
						TestTargetID = 49FE8AD717B67C0C00678D26;
					};
				};
			};
			buildConfigurationList = 49FE8AD317B67C0C00678D26 /* Build configuration list for PBXProject "Rebelle" */;
			compatibilityVersion = "Xcode 3.2";
			developmentRegion = English;
			hasScannedForEncodings = 0;
			knownRegions = (
				en,
			);
			mainGroup = 49FE8ACF17B67C0C00678D26;
			productRefGroup = 49FE8AD917B67C0C00678D26 /* Products */;
			projectDirPath = "";
			projectRoot = "";
			targets = (
				49FE8AD717B67C0C00678D26 /* Rebelle */,
				49C510C817DD2D8800648C5B /* RebelleTests */,
			);
		};
/* End PBXProject section */

/* Begin PBXResourcesBuildPhase section */
		49C510C717DD2D8800648C5B /* Resources */ = {
			isa = PBXResourcesBuildPhase;
			buildActionMask = 2147483647;
			files = (
				49C510D317DD2D8900648C5B /* InfoPlist.strings in Resources */,
			);
			runOnlyForDeploymentPostprocessing = 0;
		};
/* End PBXResourcesBuildPhase section */

/* Begin PBXShellScriptBuildPhase section */
		26BF60B5DE514E2EA17D4E2E /* Check Pods Manifest.lock */ = {
			isa = PBXShellScriptBuildPhase;
			buildActionMask = 2147483647;
			files = (
			);
			inputPaths = (
			);
			name = "Check Pods Manifest.lock";
			outputPaths = (
			);
			runOnlyForDeploymentPostprocessing = 0;
			shellPath = /bin/sh;
			shellScript = "diff \"${PODS_ROOT}/../Podfile.lock\" \"${PODS_ROOT}/Manifest.lock\" > /dev/null\nif [[ $? != 0 ]] ; then\n    cat << EOM\nerror: The sandbox is not in sync with the Podfile.lock. Run 'pod install' or update your CocoaPods installation.\nEOM\n    exit 1\nfi\n";
			showEnvVarsInLog = 0;
		};
		514CB080EBE54040A0E93D3D /* Copy Pods Resources */ = {
			isa = PBXShellScriptBuildPhase;
			buildActionMask = 2147483647;
			files = (
			);
			inputPaths = (
			);
			name = "Copy Pods Resources";
			outputPaths = (
			);
			runOnlyForDeploymentPostprocessing = 0;
			shellPath = /bin/sh;
			shellScript = "\"${SRCROOT}/Pods/Pods-RebelleTests-resources.sh\"\n";
			showEnvVarsInLog = 0;
		};
/* End PBXShellScriptBuildPhase section */

/* Begin PBXSourcesBuildPhase section */
		49C510C517DD2D8800648C5B /* Sources */ = {
			isa = PBXSourcesBuildPhase;
			buildActionMask = 2147483647;
			files = (
				49D5809F181DD0E4002F0A18 /* RBExecuterTests.m in Sources */,
				49C510DD17DD2D9900648C5B /* RBPromiseTests.m in Sources */,
			);
			runOnlyForDeploymentPostprocessing = 0;
		};
		49FE8AD417B67C0C00678D26 /* Sources */ = {
			isa = PBXSourcesBuildPhase;
			buildActionMask = 2147483647;
			files = (
				49CD909817DFB64300E934AF /* RBErrorException.m in Sources */,
				49F055C017D7E884007DADC8 /* RBPromise.m in Sources */,
				49C27B3A17E65EBD008FB8E4 /* RBExecuter.m in Sources */,
			);
			runOnlyForDeploymentPostprocessing = 0;
		};
/* End PBXSourcesBuildPhase section */

/* Begin PBXTargetDependency section */
		49C510D817DD2D8900648C5B /* PBXTargetDependency */ = {
			isa = PBXTargetDependency;
			target = 49FE8AD717B67C0C00678D26 /* Rebelle */;
			targetProxy = 49C510D717DD2D8900648C5B /* PBXContainerItemProxy */;
		};
/* End PBXTargetDependency section */

/* Begin PBXVariantGroup section */
		49C510D117DD2D8900648C5B /* InfoPlist.strings */ = {
			isa = PBXVariantGroup;
			children = (
				49C510D217DD2D8900648C5B /* en */,
			);
			name = InfoPlist.strings;
			sourceTree = "<group>";
		};
/* End PBXVariantGroup section */

/* Begin XCBuildConfiguration section */
		49C510DA17DD2D8900648C5B /* Debug */ = {
			isa = XCBuildConfiguration;
			baseConfigurationReference = 47321C7F58094DA19903103E /* Pods-RebelleTests.xcconfig */;
			buildSettings = {
				FRAMEWORK_SEARCH_PATHS = (
					"$(SDKROOT)/Developer/Library/Frameworks",
					"$(inherited)",
					"$(SYSTEM_APPS_DIR)/Xcode.app/Contents/Developer/Library/Frameworks",
				);
				GCC_PRECOMPILE_PREFIX_HEADER = YES;
				GCC_PREFIX_HEADER = "RebelleTests/RebelleTests-Prefix.pch";
				GCC_PREPROCESSOR_DEFINITIONS = (
					"DEBUG=1",
					"$(inherited)",
				);
				INFOPLIST_FILE = "RebelleTests/RebelleTests-Info.plist";
				PRODUCT_NAME = "$(TARGET_NAME)";
				WRAPPER_EXTENSION = octest;
			};
			name = Debug;
		};
		49C510DB17DD2D8900648C5B /* Release */ = {
			isa = XCBuildConfiguration;
			baseConfigurationReference = 47321C7F58094DA19903103E /* Pods-RebelleTests.xcconfig */;
			buildSettings = {
				FRAMEWORK_SEARCH_PATHS = (
					"$(SDKROOT)/Developer/Library/Frameworks",
					"$(inherited)",
					"$(SYSTEM_APPS_DIR)/Xcode.app/Contents/Developer/Library/Frameworks",
				);
				GCC_PRECOMPILE_PREFIX_HEADER = YES;
				GCC_PREFIX_HEADER = "RebelleTests/RebelleTests-Prefix.pch";
				INFOPLIST_FILE = "RebelleTests/RebelleTests-Info.plist";
				PRODUCT_NAME = "$(TARGET_NAME)";
				WRAPPER_EXTENSION = octest;
			};
			name = Release;
		};
		49FE8AF917B67C0C00678D26 /* Debug */ = {
			isa = XCBuildConfiguration;
			buildSettings = {
				ALWAYS_SEARCH_USER_PATHS = NO;
				CLANG_CXX_LANGUAGE_STANDARD = "gnu++0x";
				CLANG_CXX_LIBRARY = "libc++";
				CLANG_ENABLE_MODULES = YES;
				CLANG_ENABLE_OBJC_ARC = YES;
				CLANG_WARN_BOOL_CONVERSION = YES;
				CLANG_WARN_CONSTANT_CONVERSION = YES;
				CLANG_WARN_DIRECT_OBJC_ISA_USAGE = YES_ERROR;
				CLANG_WARN_EMPTY_BODY = YES;
				CLANG_WARN_ENUM_CONVERSION = YES;
				CLANG_WARN_INT_CONVERSION = YES;
				CLANG_WARN_OBJC_ROOT_CLASS = YES_ERROR;
				CLANG_WARN__DUPLICATE_METHOD_MATCH = YES;
				COPY_PHASE_STRIP = NO;
				GCC_C_LANGUAGE_STANDARD = gnu99;
				GCC_DYNAMIC_NO_PIC = NO;
				GCC_OPTIMIZATION_LEVEL = 0;
				GCC_PREPROCESSOR_DEFINITIONS = (
					"DEBUG=1",
					"$(inherited)",
					"KW_SPEC=RBPromiseTests:89",
				);
				GCC_SYMBOLS_PRIVATE_EXTERN = NO;
				GCC_WARN_ABOUT_RETURN_TYPE = YES_ERROR;
				GCC_WARN_UNDECLARED_SELECTOR = YES;
				GCC_WARN_UNINITIALIZED_AUTOS = YES;
				GCC_WARN_UNUSED_FUNCTION = YES;
				GCC_WARN_UNUSED_VARIABLE = YES;
				IPHONEOS_DEPLOYMENT_TARGET = 6.0;
				ONLY_ACTIVE_ARCH = YES;
				SDKROOT = iphoneos;
			};
			name = Debug;
		};
		49FE8AFA17B67C0C00678D26 /* Release */ = {
			isa = XCBuildConfiguration;
			buildSettings = {
				ALWAYS_SEARCH_USER_PATHS = NO;
				CLANG_CXX_LANGUAGE_STANDARD = "gnu++0x";
				CLANG_CXX_LIBRARY = "libc++";
				CLANG_ENABLE_MODULES = YES;
				CLANG_ENABLE_OBJC_ARC = YES;
				CLANG_WARN_BOOL_CONVERSION = YES;
				CLANG_WARN_CONSTANT_CONVERSION = YES;
				CLANG_WARN_DIRECT_OBJC_ISA_USAGE = YES_ERROR;
				CLANG_WARN_EMPTY_BODY = YES;
				CLANG_WARN_ENUM_CONVERSION = YES;
				CLANG_WARN_INT_CONVERSION = YES;
				CLANG_WARN_OBJC_ROOT_CLASS = YES_ERROR;
				CLANG_WARN__DUPLICATE_METHOD_MATCH = YES;
				COPY_PHASE_STRIP = YES;
				ENABLE_NS_ASSERTIONS = NO;
				GCC_C_LANGUAGE_STANDARD = gnu99;
				GCC_WARN_ABOUT_RETURN_TYPE = YES_ERROR;
				GCC_WARN_UNDECLARED_SELECTOR = YES;
				GCC_WARN_UNINITIALIZED_AUTOS = YES;
				GCC_WARN_UNUSED_FUNCTION = YES;
				GCC_WARN_UNUSED_VARIABLE = YES;
				IPHONEOS_DEPLOYMENT_TARGET = 6.0;
				SDKROOT = iphoneos;
				VALIDATE_PRODUCT = YES;
			};
			name = Release;
		};
		49FE8AFC17B67C0C00678D26 /* Debug */ = {
			isa = XCBuildConfiguration;
			buildSettings = {
				DSTROOT = /tmp/Rebelle.dst;
				GCC_PRECOMPILE_PREFIX_HEADER = YES;
				GCC_PREFIX_HEADER = "Rebelle/Rebelle-Prefix.pch";
				OTHER_LDFLAGS = "-ObjC";
				PRODUCT_NAME = "$(TARGET_NAME)";
				PUBLIC_HEADERS_FOLDER_PATH = "$(PRODUCT_NAME)";
				SKIP_INSTALL = YES;
			};
			name = Debug;
		};
		49FE8AFD17B67C0C00678D26 /* Release */ = {
			isa = XCBuildConfiguration;
			buildSettings = {
				DSTROOT = /tmp/Rebelle.dst;
				GCC_PRECOMPILE_PREFIX_HEADER = YES;
				GCC_PREFIX_HEADER = "Rebelle/Rebelle-Prefix.pch";
				OTHER_LDFLAGS = "-ObjC";
				PRODUCT_NAME = "$(TARGET_NAME)";
				PUBLIC_HEADERS_FOLDER_PATH = "$(PRODUCT_NAME)";
				SKIP_INSTALL = YES;
			};
			name = Release;
		};
/* End XCBuildConfiguration section */

/* Begin XCConfigurationList section */
		49C510D917DD2D8900648C5B /* Build configuration list for PBXNativeTarget "RebelleTests" */ = {
			isa = XCConfigurationList;
			buildConfigurations = (
				49C510DA17DD2D8900648C5B /* Debug */,
				49C510DB17DD2D8900648C5B /* Release */,
			);
			defaultConfigurationIsVisible = 0;
			defaultConfigurationName = Release;
		};
		49FE8AD317B67C0C00678D26 /* Build configuration list for PBXProject "Rebelle" */ = {
			isa = XCConfigurationList;
			buildConfigurations = (
				49FE8AF917B67C0C00678D26 /* Debug */,
				49FE8AFA17B67C0C00678D26 /* Release */,
			);
			defaultConfigurationIsVisible = 0;
			defaultConfigurationName = Release;
		};
		49FE8AFB17B67C0C00678D26 /* Build configuration list for PBXNativeTarget "Rebelle" */ = {
			isa = XCConfigurationList;
			buildConfigurations = (
				49FE8AFC17B67C0C00678D26 /* Debug */,
				49FE8AFD17B67C0C00678D26 /* Release */,
			);
			defaultConfigurationIsVisible = 0;
			defaultConfigurationName = Release;
		};
/* End XCConfigurationList section */
	};
	rootObject = 49FE8AD017B67C0C00678D26 /* Project object */;
}
