// !$*UTF8*$!
{
	archiveVersion = 1;
	classes = {
	};
	objectVersion = 46;
	objects = {

/* Begin PBXBuildFile section */
		212BB1821819B53F00EFB9CE /* PMNavitiaClient.m in Sources */ = {isa = PBXBuildFile; fileRef = 212BB1811819B53F00EFB9CE /* PMNavitiaClient.m */; };
		212BB1841819B56B00EFB9CE /* libRebelle.a in Frameworks */ = {isa = PBXBuildFile; fileRef = 212BB1831819B56B00EFB9CE /* libRebelle.a */; };
		21A1C77A1819B4B20055A53C /* Foundation.framework in Frameworks */ = {isa = PBXBuildFile; fileRef = 21A1C7791819B4B20055A53C /* Foundation.framework */; };
		21A1C77C1819B4B20055A53C /* CoreGraphics.framework in Frameworks */ = {isa = PBXBuildFile; fileRef = 21A1C77B1819B4B20055A53C /* CoreGraphics.framework */; };
		21A1C77E1819B4B20055A53C /* UIKit.framework in Frameworks */ = {isa = PBXBuildFile; fileRef = 21A1C77D1819B4B20055A53C /* UIKit.framework */; };
		21A1C7841819B4B20055A53C /* InfoPlist.strings in Resources */ = {isa = PBXBuildFile; fileRef = 21A1C7821819B4B20055A53C /* InfoPlist.strings */; };
		21A1C7861819B4B20055A53C /* main.m in Sources */ = {isa = PBXBuildFile; fileRef = 21A1C7851819B4B20055A53C /* main.m */; };
		21A1C78A1819B4B20055A53C /* PMAppDelegate.m in Sources */ = {isa = PBXBuildFile; fileRef = 21A1C7891819B4B20055A53C /* PMAppDelegate.m */; };
		21A1C78D1819B4B20055A53C /* Main.storyboard in Resources */ = {isa = PBXBuildFile; fileRef = 21A1C78B1819B4B20055A53C /* Main.storyboard */; };
		21A1C7901819B4B20055A53C /* PMViewController.m in Sources */ = {isa = PBXBuildFile; fileRef = 21A1C78F1819B4B20055A53C /* PMViewController.m */; };
		21A1C7921819B4B20055A53C /* Images.xcassets in Resources */ = {isa = PBXBuildFile; fileRef = 21A1C7911819B4B20055A53C /* Images.xcassets */; };
/* End PBXBuildFile section */

/* Begin PBXFileReference section */
		212BB1801819B53F00EFB9CE /* PMNavitiaClient.h */ = {isa = PBXFileReference; fileEncoding = 4; lastKnownFileType = sourcecode.c.h; path = PMNavitiaClient.h; sourceTree = "<group>"; };
		212BB1811819B53F00EFB9CE /* PMNavitiaClient.m */ = {isa = PBXFileReference; fileEncoding = 4; lastKnownFileType = sourcecode.c.objc; path = PMNavitiaClient.m; sourceTree = "<group>"; };
		212BB1831819B56B00EFB9CE /* libRebelle.a */ = {isa = PBXFileReference; lastKnownFileType = archive.ar; name = libRebelle.a; path = "../../build/Debug-iphoneos/libRebelle.a"; sourceTree = "<group>"; };
		21A1C7761819B4B20055A53C /* NavitiaDemo.app */ = {isa = PBXFileReference; explicitFileType = wrapper.application; includeInIndex = 0; path = NavitiaDemo.app; sourceTree = BUILT_PRODUCTS_DIR; };
		21A1C7791819B4B20055A53C /* Foundation.framework */ = {isa = PBXFileReference; lastKnownFileType = wrapper.framework; name = Foundation.framework; path = System/Library/Frameworks/Foundation.framework; sourceTree = SDKROOT; };
		21A1C77B1819B4B20055A53C /* CoreGraphics.framework */ = {isa = PBXFileReference; lastKnownFileType = wrapper.framework; name = CoreGraphics.framework; path = System/Library/Frameworks/CoreGraphics.framework; sourceTree = SDKROOT; };
		21A1C77D1819B4B20055A53C /* UIKit.framework */ = {isa = PBXFileReference; lastKnownFileType = wrapper.framework; name = UIKit.framework; path = System/Library/Frameworks/UIKit.framework; sourceTree = SDKROOT; };
		21A1C7811819B4B20055A53C /* NavitiaDemo-Info.plist */ = {isa = PBXFileReference; lastKnownFileType = text.plist.xml; path = "NavitiaDemo-Info.plist"; sourceTree = "<group>"; };
		21A1C7831819B4B20055A53C /* en */ = {isa = PBXFileReference; lastKnownFileType = text.plist.strings; name = en; path = en.lproj/InfoPlist.strings; sourceTree = "<group>"; };
		21A1C7851819B4B20055A53C /* main.m */ = {isa = PBXFileReference; lastKnownFileType = sourcecode.c.objc; path = main.m; sourceTree = "<group>"; };
		21A1C7871819B4B20055A53C /* NavitiaDemo-Prefix.pch */ = {isa = PBXFileReference; lastKnownFileType = sourcecode.c.h; path = "NavitiaDemo-Prefix.pch"; sourceTree = "<group>"; };
		21A1C7881819B4B20055A53C /* PMAppDelegate.h */ = {isa = PBXFileReference; lastKnownFileType = sourcecode.c.h; path = PMAppDelegate.h; sourceTree = "<group>"; };
		21A1C7891819B4B20055A53C /* PMAppDelegate.m */ = {isa = PBXFileReference; lastKnownFileType = sourcecode.c.objc; path = PMAppDelegate.m; sourceTree = "<group>"; };
		21A1C78C1819B4B20055A53C /* Base */ = {isa = PBXFileReference; lastKnownFileType = file.storyboard; name = Base; path = Base.lproj/Main.storyboard; sourceTree = "<group>"; };
		21A1C78E1819B4B20055A53C /* PMViewController.h */ = {isa = PBXFileReference; lastKnownFileType = sourcecode.c.h; path = PMViewController.h; sourceTree = "<group>"; };
		21A1C78F1819B4B20055A53C /* PMViewController.m */ = {isa = PBXFileReference; lastKnownFileType = sourcecode.c.objc; path = PMViewController.m; sourceTree = "<group>"; };
		21A1C7911819B4B20055A53C /* Images.xcassets */ = {isa = PBXFileReference; lastKnownFileType = folder.assetcatalog; path = Images.xcassets; sourceTree = "<group>"; };
/* End PBXFileReference section */

/* Begin PBXFrameworksBuildPhase section */
		21A1C7731819B4B20055A53C /* Frameworks */ = {
			isa = PBXFrameworksBuildPhase;
			buildActionMask = 2147483647;
			files = (
				21A1C77C1819B4B20055A53C /* CoreGraphics.framework in Frameworks */,
				21A1C77E1819B4B20055A53C /* UIKit.framework in Frameworks */,
				21A1C77A1819B4B20055A53C /* Foundation.framework in Frameworks */,
				212BB1841819B56B00EFB9CE /* libRebelle.a in Frameworks */,
			);
			runOnlyForDeploymentPostprocessing = 0;
		};
/* End PBXFrameworksBuildPhase section */

/* Begin PBXGroup section */
		21A1C76D1819B4B20055A53C = {
			isa = PBXGroup;
			children = (
				21A1C77F1819B4B20055A53C /* NavitiaDemo */,
				21A1C7781819B4B20055A53C /* Frameworks */,
				21A1C7771819B4B20055A53C /* Products */,
			);
			sourceTree = "<group>";
		};
		21A1C7771819B4B20055A53C /* Products */ = {
			isa = PBXGroup;
			children = (
				21A1C7761819B4B20055A53C /* NavitiaDemo.app */,
			);
			name = Products;
			sourceTree = "<group>";
		};
		21A1C7781819B4B20055A53C /* Frameworks */ = {
			isa = PBXGroup;
			children = (
				21A1C7791819B4B20055A53C /* Foundation.framework */,
				21A1C77B1819B4B20055A53C /* CoreGraphics.framework */,
				21A1C77D1819B4B20055A53C /* UIKit.framework */,
				212BB1831819B56B00EFB9CE /* libRebelle.a */,
			);
			name = Frameworks;
			sourceTree = "<group>";
		};
		21A1C77F1819B4B20055A53C /* NavitiaDemo */ = {
			isa = PBXGroup;
			children = (
				21A1C7881819B4B20055A53C /* PMAppDelegate.h */,
				21A1C7891819B4B20055A53C /* PMAppDelegate.m */,
				21A1C78E1819B4B20055A53C /* PMViewController.h */,
				21A1C78F1819B4B20055A53C /* PMViewController.m */,
				212BB1801819B53F00EFB9CE /* PMNavitiaClient.h */,
				212BB1811819B53F00EFB9CE /* PMNavitiaClient.m */,
				21A1C78B1819B4B20055A53C /* Main.storyboard */,
				21A1C7911819B4B20055A53C /* Images.xcassets */,
				21A1C7801819B4B20055A53C /* Supporting Files */,
			);
			path = NavitiaDemo;
			sourceTree = "<group>";
		};
		21A1C7801819B4B20055A53C /* Supporting Files */ = {
			isa = PBXGroup;
			children = (
				21A1C7811819B4B20055A53C /* NavitiaDemo-Info.plist */,
				21A1C7821819B4B20055A53C /* InfoPlist.strings */,
				21A1C7851819B4B20055A53C /* main.m */,
				21A1C7871819B4B20055A53C /* NavitiaDemo-Prefix.pch */,
			);
			name = "Supporting Files";
			sourceTree = "<group>";
		};
/* End PBXGroup section */

/* Begin PBXNativeTarget section */
		21A1C7751819B4B20055A53C /* NavitiaDemo */ = {
			isa = PBXNativeTarget;
			buildConfigurationList = 21A1C7A81819B4B20055A53C /* Build configuration list for PBXNativeTarget "NavitiaDemo" */;
			buildPhases = (
				21A1C7721819B4B20055A53C /* Sources */,
				21A1C7731819B4B20055A53C /* Frameworks */,
				21A1C7741819B4B20055A53C /* Resources */,
			);
			buildRules = (
			);
			dependencies = (
			);
			name = NavitiaDemo;
			productName = NavitiaDemo;
			productReference = 21A1C7761819B4B20055A53C /* NavitiaDemo.app */;
			productType = "com.apple.product-type.application";
		};
/* End PBXNativeTarget section */

/* Begin PBXProject section */
		21A1C76E1819B4B20055A53C /* Project object */ = {
			isa = PBXProject;
			attributes = {
				CLASSPREFIX = PM;
				LastUpgradeCheck = 0500;
				ORGANIZATIONNAME = "Pierre de La Morinerie";
			};
			buildConfigurationList = 21A1C7711819B4B20055A53C /* Build configuration list for PBXProject "NavitiaDemo" */;
			compatibilityVersion = "Xcode 3.2";
			developmentRegion = English;
			hasScannedForEncodings = 0;
			knownRegions = (
				en,
				Base,
			);
			mainGroup = 21A1C76D1819B4B20055A53C;
			productRefGroup = 21A1C7771819B4B20055A53C /* Products */;
			projectDirPath = "";
			projectRoot = "";
			targets = (
				21A1C7751819B4B20055A53C /* NavitiaDemo */,
			);
		};
/* End PBXProject section */

/* Begin PBXResourcesBuildPhase section */
		21A1C7741819B4B20055A53C /* Resources */ = {
			isa = PBXResourcesBuildPhase;
			buildActionMask = 2147483647;
			files = (
				21A1C7921819B4B20055A53C /* Images.xcassets in Resources */,
				21A1C7841819B4B20055A53C /* InfoPlist.strings in Resources */,
				21A1C78D1819B4B20055A53C /* Main.storyboard in Resources */,
			);
			runOnlyForDeploymentPostprocessing = 0;
		};
/* End PBXResourcesBuildPhase section */

/* Begin PBXSourcesBuildPhase section */
		21A1C7721819B4B20055A53C /* Sources */ = {
			isa = PBXSourcesBuildPhase;
			buildActionMask = 2147483647;
			files = (
				212BB1821819B53F00EFB9CE /* PMNavitiaClient.m in Sources */,
				21A1C7861819B4B20055A53C /* main.m in Sources */,
				21A1C7901819B4B20055A53C /* PMViewController.m in Sources */,
				21A1C78A1819B4B20055A53C /* PMAppDelegate.m in Sources */,
			);
			runOnlyForDeploymentPostprocessing = 0;
		};
/* End PBXSourcesBuildPhase section */

/* Begin PBXVariantGroup section */
		21A1C7821819B4B20055A53C /* InfoPlist.strings */ = {
			isa = PBXVariantGroup;
			children = (
				21A1C7831819B4B20055A53C /* en */,
			);
			name = InfoPlist.strings;
			sourceTree = "<group>";
		};
		21A1C78B1819B4B20055A53C /* Main.storyboard */ = {
			isa = PBXVariantGroup;
			children = (
				21A1C78C1819B4B20055A53C /* Base */,
			);
			name = Main.storyboard;
			sourceTree = "<group>";
		};
/* End PBXVariantGroup section */

/* Begin XCBuildConfiguration section */
		21A1C7A61819B4B20055A53C /* Debug */ = {
			isa = XCBuildConfiguration;
			buildSettings = {
				ALWAYS_SEARCH_USER_PATHS = NO;
				ARCHS = "$(ARCHS_STANDARD_INCLUDING_64_BIT)";
				CLANG_CXX_LANGUAGE_STANDARD = "gnu++0x";
				CLANG_CXX_LIBRARY = "libc++";
				CLANG_ENABLE_MODULES = YES;
				CLANG_ENABLE_OBJC_ARC = YES;
				CLANG_WARN_BOOL_CONVERSION = YES;
				CLANG_WARN_CONSTANT_CONVERSION = YES;
				CLANG_WARN_DIRECT_OBJC_ISA_USAGE = YES_ERROR;
				CLANG_WARN_EMPTY_BODY = YES;
				CLANG_WARN_ENUM_CONVERSION = YES;
				CLANG_WARN_INT_CONVERSION = YES;
				CLANG_WARN_OBJC_ROOT_CLASS = YES_ERROR;
				CLANG_WARN__DUPLICATE_METHOD_MATCH = YES;
				"CODE_SIGN_IDENTITY[sdk=iphoneos*]" = "iPhone Developer";
				COPY_PHASE_STRIP = NO;
				GCC_C_LANGUAGE_STANDARD = gnu99;
				GCC_DYNAMIC_NO_PIC = NO;
				GCC_OPTIMIZATION_LEVEL = 0;
				GCC_PREPROCESSOR_DEFINITIONS = (
					"DEBUG=1",
					"$(inherited)",
				);
				GCC_SYMBOLS_PRIVATE_EXTERN = NO;
				GCC_WARN_64_TO_32_BIT_CONVERSION = YES;
				GCC_WARN_ABOUT_RETURN_TYPE = YES_ERROR;
				GCC_WARN_UNDECLARED_SELECTOR = YES;
				GCC_WARN_UNINITIALIZED_AUTOS = YES;
				GCC_WARN_UNUSED_FUNCTION = YES;
				GCC_WARN_UNUSED_VARIABLE = YES;
				IPHONEOS_DEPLOYMENT_TARGET = 7.0;
				ONLY_ACTIVE_ARCH = YES;
				SDKROOT = iphoneos;
			};
			name = Debug;
		};
		21A1C7A71819B4B20055A53C /* Release */ = {
			isa = XCBuildConfiguration;
			buildSettings = {
				ALWAYS_SEARCH_USER_PATHS = NO;
				ARCHS = "$(ARCHS_STANDARD_INCLUDING_64_BIT)";
				CLANG_CXX_LANGUAGE_STANDARD = "gnu++0x";
				CLANG_CXX_LIBRARY = "libc++";
				CLANG_ENABLE_MODULES = YES;
				CLANG_ENABLE_OBJC_ARC = YES;
				CLANG_WARN_BOOL_CONVERSION = YES;
				CLANG_WARN_CONSTANT_CONVERSION = YES;
				CLANG_WARN_DIRECT_OBJC_ISA_USAGE = YES_ERROR;
				CLANG_WARN_EMPTY_BODY = YES;
				CLANG_WARN_ENUM_CONVERSION = YES;
				CLANG_WARN_INT_CONVERSION = YES;
				CLANG_WARN_OBJC_ROOT_CLASS = YES_ERROR;
				CLANG_WARN__DUPLICATE_METHOD_MATCH = YES;
				"CODE_SIGN_IDENTITY[sdk=iphoneos*]" = "iPhone Developer";
				COPY_PHASE_STRIP = YES;
				ENABLE_NS_ASSERTIONS = NO;
				GCC_C_LANGUAGE_STANDARD = gnu99;
				GCC_WARN_64_TO_32_BIT_CONVERSION = YES;
				GCC_WARN_ABOUT_RETURN_TYPE = YES_ERROR;
				GCC_WARN_UNDECLARED_SELECTOR = YES;
				GCC_WARN_UNINITIALIZED_AUTOS = YES;
				GCC_WARN_UNUSED_FUNCTION = YES;
				GCC_WARN_UNUSED_VARIABLE = YES;
				IPHONEOS_DEPLOYMENT_TARGET = 7.0;
				SDKROOT = iphoneos;
				VALIDATE_PRODUCT = YES;
			};
			name = Release;
		};
		21A1C7A91819B4B20055A53C /* Debug */ = {
			isa = XCBuildConfiguration;
			buildSettings = {
				ASSETCATALOG_COMPILER_APPICON_NAME = AppIcon;
				ASSETCATALOG_COMPILER_LAUNCHIMAGE_NAME = LaunchImage;
				GCC_PRECOMPILE_PREFIX_HEADER = YES;
				GCC_PREFIX_HEADER = "NavitiaDemo/NavitiaDemo-Prefix.pch";
				HEADER_SEARCH_PATHS = (
					"$(inherited)",
					/Applications/Xcode.app/Contents/Developer/Toolchains/XcodeDefault.xctoolchain/usr/include,
					"$(BUILT_PRODUCTS_DIR)",
				);
				INFOPLIST_FILE = "NavitiaDemo/NavitiaDemo-Info.plist";
				PRODUCT_NAME = "$(TARGET_NAME)";
				WRAPPER_EXTENSION = app;
			};
			name = Debug;
		};
		21A1C7AA1819B4B20055A53C /* Release */ = {
			isa = XCBuildConfiguration;
			buildSettings = {
				ASSETCATALOG_COMPILER_APPICON_NAME = AppIcon;
				ASSETCATALOG_COMPILER_LAUNCHIMAGE_NAME = LaunchImage;
				GCC_PRECOMPILE_PREFIX_HEADER = YES;
				GCC_PREFIX_HEADER = "NavitiaDemo/NavitiaDemo-Prefix.pch";
				HEADER_SEARCH_PATHS = (
					"$(inherited)",
					/Applications/Xcode.app/Contents/Developer/Toolchains/XcodeDefault.xctoolchain/usr/include,
					"$(BUILT_PRODUCTS_DIR)",
				);
				INFOPLIST_FILE = "NavitiaDemo/NavitiaDemo-Info.plist";
				PRODUCT_NAME = "$(TARGET_NAME)";
				WRAPPER_EXTENSION = app;
			};
			name = Release;
		};
/* End XCBuildConfiguration section */

/* Begin XCConfigurationList section */
		21A1C7711819B4B20055A53C /* Build configuration list for PBXProject "NavitiaDemo" */ = {
			isa = XCConfigurationList;
			buildConfigurations = (
				21A1C7A61819B4B20055A53C /* Debug */,
				21A1C7A71819B4B20055A53C /* Release */,
			);
			defaultConfigurationIsVisible = 0;
			defaultConfigurationName = Release;
		};
		21A1C7A81819B4B20055A53C /* Build configuration list for PBXNativeTarget "NavitiaDemo" */ = {
			isa = XCConfigurationList;
			buildConfigurations = (
				21A1C7A91819B4B20055A53C /* Debug */,
				21A1C7AA1819B4B20055A53C /* Release */,
			);
			defaultConfigurationIsVisible = 0;
			defaultConfigurationName = Release;
		};
/* End XCConfigurationList section */
	};
	rootObject = 21A1C76E1819B4B20055A53C /* Project object */;
}
